// !$*UTF8*$!
{
	archiveVersion = 1;
	classes = {
	};
	objectVersion = 56;
	objects = {

/* Begin PBXBuildFile section */
		F139703B29B4C31700F677DE /* AppDelegate.swift in Sources */ = {isa = PBXBuildFile; fileRef = F139703A29B4C31700F677DE /* AppDelegate.swift */; };
		F139703D29B4C31700F677DE /* SceneDelegate.swift in Sources */ = {isa = PBXBuildFile; fileRef = F139703C29B4C31700F677DE /* SceneDelegate.swift */; };
		F139703F29B4C31700F677DE /* ViewController.swift in Sources */ = {isa = PBXBuildFile; fileRef = F139703E29B4C31700F677DE /* ViewController.swift */; };
		F139704229B4C31700F677DE /* Main.storyboard in Resources */ = {isa = PBXBuildFile; fileRef = F139704029B4C31700F677DE /* Main.storyboard */; };
		F139704429B4C31A00F677DE /* Assets.xcassets in Resources */ = {isa = PBXBuildFile; fileRef = F139704329B4C31A00F677DE /* Assets.xcassets */; };
		F139704729B4C31A00F677DE /* LaunchScreen.storyboard in Resources */ = {isa = PBXBuildFile; fileRef = F139704529B4C31A00F677DE /* LaunchScreen.storyboard */; };
		F139705229B4C31B00F677DE /* UnitTestingAppTests.swift in Sources */ = {isa = PBXBuildFile; fileRef = F139705129B4C31B00F677DE /* UnitTestingAppTests.swift */; };
		F139705C29B4C31B00F677DE /* UnitTestingAppUITests.swift in Sources */ = {isa = PBXBuildFile; fileRef = F139705B29B4C31B00F677DE /* UnitTestingAppUITests.swift */; };
		F139705E29B4C31B00F677DE /* UnitTestingAppUITestsLaunchTests.swift in Sources */ = {isa = PBXBuildFile; fileRef = F139705D29B4C31B00F677DE /* UnitTestingAppUITestsLaunchTests.swift */; };
		F139706F29B4C38900F677DE /* MathService.swift in Sources */ = {isa = PBXBuildFile; fileRef = F139706E29B4C38900F677DE /* MathService.swift */; };
/* End PBXBuildFile section */

/* Begin PBXContainerItemProxy section */
		F139704E29B4C31B00F677DE /* PBXContainerItemProxy */ = {
			isa = PBXContainerItemProxy;
			containerPortal = F139702F29B4C31700F677DE /* Project object */;
			proxyType = 1;
			remoteGlobalIDString = F139703629B4C31700F677DE;
			remoteInfo = UnitTestingApp;
		};
		F139705829B4C31B00F677DE /* PBXContainerItemProxy */ = {
			isa = PBXContainerItemProxy;
			containerPortal = F139702F29B4C31700F677DE /* Project object */;
			proxyType = 1;
			remoteGlobalIDString = F139703629B4C31700F677DE;
			remoteInfo = UnitTestingApp;
		};
/* End PBXContainerItemProxy section */

/* Begin PBXFileReference section */
		F139703729B4C31700F677DE /* UnitTestingApp.app */ = {isa = PBXFileReference; explicitFileType = wrapper.application; includeInIndex = 0; path = UnitTestingApp.app; sourceTree = BUILT_PRODUCTS_DIR; };
		F139703A29B4C31700F677DE /* AppDelegate.swift */ = {isa = PBXFileReference; lastKnownFileType = sourcecode.swift; path = AppDelegate.swift; sourceTree = "<group>"; };
		F139703C29B4C31700F677DE /* SceneDelegate.swift */ = {isa = PBXFileReference; lastKnownFileType = sourcecode.swift; path = SceneDelegate.swift; sourceTree = "<group>"; };
		F139703E29B4C31700F677DE /* ViewController.swift */ = {isa = PBXFileReference; lastKnownFileType = sourcecode.swift; path = ViewController.swift; sourceTree = "<group>"; };
		F139704129B4C31700F677DE /* Base */ = {isa = PBXFileReference; lastKnownFileType = file.storyboard; name = Base; path = Base.lproj/Main.storyboard; sourceTree = "<group>"; };
		F139704329B4C31A00F677DE /* Assets.xcassets */ = {isa = PBXFileReference; lastKnownFileType = folder.assetcatalog; path = Assets.xcassets; sourceTree = "<group>"; };
		F139704629B4C31A00F677DE /* Base */ = {isa = PBXFileReference; lastKnownFileType = file.storyboard; name = Base; path = Base.lproj/LaunchScreen.storyboard; sourceTree = "<group>"; };
		F139704829B4C31A00F677DE /* Info.plist */ = {isa = PBXFileReference; lastKnownFileType = text.plist.xml; path = Info.plist; sourceTree = "<group>"; };
		F139704D29B4C31B00F677DE /* UnitTestingAppTests.xctest */ = {isa = PBXFileReference; explicitFileType = wrapper.cfbundle; includeInIndex = 0; path = UnitTestingAppTests.xctest; sourceTree = BUILT_PRODUCTS_DIR; };
		F139705129B4C31B00F677DE /* UnitTestingAppTests.swift */ = {isa = PBXFileReference; lastKnownFileType = sourcecode.swift; path = UnitTestingAppTests.swift; sourceTree = "<group>"; };
		F139705729B4C31B00F677DE /* UnitTestingAppUITests.xctest */ = {isa = PBXFileReference; explicitFileType = wrapper.cfbundle; includeInIndex = 0; path = UnitTestingAppUITests.xctest; sourceTree = BUILT_PRODUCTS_DIR; };
		F139705B29B4C31B00F677DE /* UnitTestingAppUITests.swift */ = {isa = PBXFileReference; lastKnownFileType = sourcecode.swift; path = UnitTestingAppUITests.swift; sourceTree = "<group>"; };
		F139705D29B4C31B00F677DE /* UnitTestingAppUITestsLaunchTests.swift */ = {isa = PBXFileReference; lastKnownFileType = sourcecode.swift; path = UnitTestingAppUITestsLaunchTests.swift; sourceTree = "<group>"; };
		F139706E29B4C38900F677DE /* MathService.swift */ = {isa = PBXFileReference; lastKnownFileType = sourcecode.swift; path = MathService.swift; sourceTree = "<group>"; };
/* End PBXFileReference section */

/* Begin PBXFrameworksBuildPhase section */
		F139703429B4C31700F677DE /* Frameworks */ = {
			isa = PBXFrameworksBuildPhase;
			buildActionMask = 2147483647;
			files = (
			);
			runOnlyForDeploymentPostprocessing = 0;
		};
		F139704A29B4C31B00F677DE /* Frameworks */ = {
			isa = PBXFrameworksBuildPhase;
			buildActionMask = 2147483647;
			files = (
			);
			runOnlyForDeploymentPostprocessing = 0;
		};
		F139705429B4C31B00F677DE /* Frameworks */ = {
			isa = PBXFrameworksBuildPhase;
			buildActionMask = 2147483647;
			files = (
			);
			runOnlyForDeploymentPostprocessing = 0;
		};
/* End PBXFrameworksBuildPhase section */

/* Begin PBXGroup section */
		F139702E29B4C31700F677DE = {
			isa = PBXGroup;
			children = (
				F139703929B4C31700F677DE /* UnitTestingApp */,
				F139705029B4C31B00F677DE /* UnitTestingAppTests */,
				F139705A29B4C31B00F677DE /* UnitTestingAppUITests */,
				F139703829B4C31700F677DE /* Products */,
			);
			sourceTree = "<group>";
		};
		F139703829B4C31700F677DE /* Products */ = {
			isa = PBXGroup;
			children = (
				F139703729B4C31700F677DE /* UnitTestingApp.app */,
				F139704D29B4C31B00F677DE /* UnitTestingAppTests.xctest */,
				F139705729B4C31B00F677DE /* UnitTestingAppUITests.xctest */,
			);
			name = Products;
			sourceTree = "<group>";
		};
		F139703929B4C31700F677DE /* UnitTestingApp */ = {
			isa = PBXGroup;
			children = (
				F139706D29B4C35900F677DE /* Services */,
				F139706C29B4C35100F677DE /* Controllers */,
				F139706B29B4C34900F677DE /* Views */,
				F139704329B4C31A00F677DE /* Assets.xcassets */,
				F139706A29B4C33900F677DE /* Delegates */,
				F139704829B4C31A00F677DE /* Info.plist */,
			);
			path = UnitTestingApp;
			sourceTree = "<group>";
		};
		F139705029B4C31B00F677DE /* UnitTestingAppTests */ = {
			isa = PBXGroup;
			children = (
				F139705129B4C31B00F677DE /* UnitTestingAppTests.swift */,
			);
			path = UnitTestingAppTests;
			sourceTree = "<group>";
		};
		F139705A29B4C31B00F677DE /* UnitTestingAppUITests */ = {
			isa = PBXGroup;
			children = (
				F139705B29B4C31B00F677DE /* UnitTestingAppUITests.swift */,
				F139705D29B4C31B00F677DE /* UnitTestingAppUITestsLaunchTests.swift */,
			);
			path = UnitTestingAppUITests;
			sourceTree = "<group>";
		};
		F139706A29B4C33900F677DE /* Delegates */ = {
			isa = PBXGroup;
			children = (
				F139703A29B4C31700F677DE /* AppDelegate.swift */,
				F139703C29B4C31700F677DE /* SceneDelegate.swift */,
			);
			path = Delegates;
			sourceTree = "<group>";
		};
		F139706B29B4C34900F677DE /* Views */ = {
			isa = PBXGroup;
			children = (
				F139704029B4C31700F677DE /* Main.storyboard */,
				F139704529B4C31A00F677DE /* LaunchScreen.storyboard */,
			);
			path = Views;
			sourceTree = "<group>";
		};
		F139706C29B4C35100F677DE /* Controllers */ = {
			isa = PBXGroup;
			children = (
				F139703E29B4C31700F677DE /* ViewController.swift */,
			);
			path = Controllers;
			sourceTree = "<group>";
		};
		F139706D29B4C35900F677DE /* Services */ = {
			isa = PBXGroup;
			children = (
				F139706E29B4C38900F677DE /* MathService.swift */,
			);
			path = Services;
			sourceTree = "<group>";
		};
/* End PBXGroup section */

/* Begin PBXNativeTarget section */
		F139703629B4C31700F677DE /* UnitTestingApp */ = {
			isa = PBXNativeTarget;
			buildConfigurationList = F139706129B4C31B00F677DE /* Build configuration list for PBXNativeTarget "UnitTestingApp" */;
			buildPhases = (
				F139703329B4C31700F677DE /* Sources */,
				F139703429B4C31700F677DE /* Frameworks */,
				F139703529B4C31700F677DE /* Resources */,
			);
			buildRules = (
			);
			dependencies = (
			);
			name = UnitTestingApp;
			productName = UnitTestingApp;
			productReference = F139703729B4C31700F677DE /* UnitTestingApp.app */;
			productType = "com.apple.product-type.application";
		};
		F139704C29B4C31B00F677DE /* UnitTestingAppTests */ = {
			isa = PBXNativeTarget;
			buildConfigurationList = F139706429B4C31B00F677DE /* Build configuration list for PBXNativeTarget "UnitTestingAppTests" */;
			buildPhases = (
				F139704929B4C31B00F677DE /* Sources */,
				F139704A29B4C31B00F677DE /* Frameworks */,
				F139704B29B4C31B00F677DE /* Resources */,
			);
			buildRules = (
			);
			dependencies = (
				F139704F29B4C31B00F677DE /* PBXTargetDependency */,
			);
			name = UnitTestingAppTests;
			productName = UnitTestingAppTests;
			productReference = F139704D29B4C31B00F677DE /* UnitTestingAppTests.xctest */;
			productType = "com.apple.product-type.bundle.unit-test";
		};
		F139705629B4C31B00F677DE /* UnitTestingAppUITests */ = {
			isa = PBXNativeTarget;
			buildConfigurationList = F139706729B4C31B00F677DE /* Build configuration list for PBXNativeTarget "UnitTestingAppUITests" */;
			buildPhases = (
				F139705329B4C31B00F677DE /* Sources */,
				F139705429B4C31B00F677DE /* Frameworks */,
				F139705529B4C31B00F677DE /* Resources */,
			);
			buildRules = (
			);
			dependencies = (
				F139705929B4C31B00F677DE /* PBXTargetDependency */,
			);
			name = UnitTestingAppUITests;
			productName = UnitTestingAppUITests;
			productReference = F139705729B4C31B00F677DE /* UnitTestingAppUITests.xctest */;
			productType = "com.apple.product-type.bundle.ui-testing";
		};
/* End PBXNativeTarget section */

/* Begin PBXProject section */
		F139702F29B4C31700F677DE /* Project object */ = {
			isa = PBXProject;
			attributes = {
				BuildIndependentTargetsInParallel = 1;
				LastSwiftUpdateCheck = 1420;
				LastUpgradeCheck = 1420;
				TargetAttributes = {
					F139703629B4C31700F677DE = {
						CreatedOnToolsVersion = 14.2;
					};
					F139704C29B4C31B00F677DE = {
						CreatedOnToolsVersion = 14.2;
						TestTargetID = F139703629B4C31700F677DE;
					};
					F139705629B4C31B00F677DE = {
						CreatedOnToolsVersion = 14.2;
						TestTargetID = F139703629B4C31700F677DE;
					};
				};
			};
			buildConfigurationList = F139703229B4C31700F677DE /* Build configuration list for PBXProject "UnitTestingApp" */;
			compatibilityVersion = "Xcode 14.0";
			developmentRegion = en;
			hasScannedForEncodings = 0;
			knownRegions = (
				en,
				Base,
			);
			mainGroup = F139702E29B4C31700F677DE;
			productRefGroup = F139703829B4C31700F677DE /* Products */;
			projectDirPath = "";
			projectRoot = "";
			targets = (
				F139703629B4C31700F677DE /* UnitTestingApp */,
				F139704C29B4C31B00F677DE /* UnitTestingAppTests */,
				F139705629B4C31B00F677DE /* UnitTestingAppUITests */,
			);
		};
/* End PBXProject section */

/* Begin PBXResourcesBuildPhase section */
		F139703529B4C31700F677DE /* Resources */ = {
			isa = PBXResourcesBuildPhase;
			buildActionMask = 2147483647;
			files = (
				F139704729B4C31A00F677DE /* LaunchScreen.storyboard in Resources */,
				F139704429B4C31A00F677DE /* Assets.xcassets in Resources */,
				F139704229B4C31700F677DE /* Main.storyboard in Resources */,
			);
			runOnlyForDeploymentPostprocessing = 0;
		};
		F139704B29B4C31B00F677DE /* Resources */ = {
			isa = PBXResourcesBuildPhase;
			buildActionMask = 2147483647;
			files = (
			);
			runOnlyForDeploymentPostprocessing = 0;
		};
		F139705529B4C31B00F677DE /* Resources */ = {
			isa = PBXResourcesBuildPhase;
			buildActionMask = 2147483647;
			files = (
			);
			runOnlyForDeploymentPostprocessing = 0;
		};
/* End PBXResourcesBuildPhase section */

/* Begin PBXSourcesBuildPhase section */
		F139703329B4C31700F677DE /* Sources */ = {
			isa = PBXSourcesBuildPhase;
			buildActionMask = 2147483647;
			files = (
				F139703F29B4C31700F677DE /* ViewController.swift in Sources */,
				F139703B29B4C31700F677DE /* AppDelegate.swift in Sources */,
				F139703D29B4C31700F677DE /* SceneDelegate.swift in Sources */,
				F139706F29B4C38900F677DE /* MathService.swift in Sources */,
			);
			runOnlyForDeploymentPostprocessing = 0;
		};
		F139704929B4C31B00F677DE /* Sources */ = {
			isa = PBXSourcesBuildPhase;
			buildActionMask = 2147483647;
			files = (
				F139705229B4C31B00F677DE /* UnitTestingAppTests.swift in Sources */,
			);
			runOnlyForDeploymentPostprocessing = 0;
		};
		F139705329B4C31B00F677DE /* Sources */ = {
			isa = PBXSourcesBuildPhase;
			buildActionMask = 2147483647;
			files = (
				F139705C29B4C31B00F677DE /* UnitTestingAppUITests.swift in Sources */,
				F139705E29B4C31B00F677DE /* UnitTestingAppUITestsLaunchTests.swift in Sources */,
			);
			runOnlyForDeploymentPostprocessing = 0;
		};
/* End PBXSourcesBuildPhase section */

/* Begin PBXTargetDependency section */
		F139704F29B4C31B00F677DE /* PBXTargetDependency */ = {
			isa = PBXTargetDependency;
			target = F139703629B4C31700F677DE /* UnitTestingApp */;
			targetProxy = F139704E29B4C31B00F677DE /* PBXContainerItemProxy */;
		};
		F139705929B4C31B00F677DE /* PBXTargetDependency */ = {
			isa = PBXTargetDependency;
			target = F139703629B4C31700F677DE /* UnitTestingApp */;
			targetProxy = F139705829B4C31B00F677DE /* PBXContainerItemProxy */;
		};
/* End PBXTargetDependency section */

/* Begin PBXVariantGroup section */
		F139704029B4C31700F677DE /* Main.storyboard */ = {
			isa = PBXVariantGroup;
			children = (
				F139704129B4C31700F677DE /* Base */,
			);
			name = Main.storyboard;
			sourceTree = "<group>";
		};
		F139704529B4C31A00F677DE /* LaunchScreen.storyboard */ = {
			isa = PBXVariantGroup;
			children = (
				F139704629B4C31A00F677DE /* Base */,
			);
			name = LaunchScreen.storyboard;
			sourceTree = "<group>";
		};
/* End PBXVariantGroup section */

/* Begin XCBuildConfiguration section */
		F139705F29B4C31B00F677DE /* Debug */ = {
			isa = XCBuildConfiguration;
			buildSettings = {
				ALWAYS_SEARCH_USER_PATHS = NO;
				CLANG_ANALYZER_NONNULL = YES;
				CLANG_ANALYZER_NUMBER_OBJECT_CONVERSION = YES_AGGRESSIVE;
				CLANG_CXX_LANGUAGE_STANDARD = "gnu++20";
				CLANG_ENABLE_MODULES = YES;
				CLANG_ENABLE_OBJC_ARC = YES;
				CLANG_ENABLE_OBJC_WEAK = YES;
				CLANG_WARN_BLOCK_CAPTURE_AUTORELEASING = YES;
				CLANG_WARN_BOOL_CONVERSION = YES;
				CLANG_WARN_COMMA = YES;
				CLANG_WARN_CONSTANT_CONVERSION = YES;
				CLANG_WARN_DEPRECATED_OBJC_IMPLEMENTATIONS = YES;
				CLANG_WARN_DIRECT_OBJC_ISA_USAGE = YES_ERROR;
				CLANG_WARN_DOCUMENTATION_COMMENTS = YES;
				CLANG_WARN_EMPTY_BODY = YES;
				CLANG_WARN_ENUM_CONVERSION = YES;
				CLANG_WARN_INFINITE_RECURSION = YES;
				CLANG_WARN_INT_CONVERSION = YES;
				CLANG_WARN_NON_LITERAL_NULL_CONVERSION = YES;
				CLANG_WARN_OBJC_IMPLICIT_RETAIN_SELF = YES;
				CLANG_WARN_OBJC_LITERAL_CONVERSION = YES;
				CLANG_WARN_OBJC_ROOT_CLASS = YES_ERROR;
				CLANG_WARN_QUOTED_INCLUDE_IN_FRAMEWORK_HEADER = YES;
				CLANG_WARN_RANGE_LOOP_ANALYSIS = YES;
				CLANG_WARN_STRICT_PROTOTYPES = YES;
				CLANG_WARN_SUSPICIOUS_MOVE = YES;
				CLANG_WARN_UNGUARDED_AVAILABILITY = YES_AGGRESSIVE;
				CLANG_WARN_UNREACHABLE_CODE = YES;
				CLANG_WARN__DUPLICATE_METHOD_MATCH = YES;
				COPY_PHASE_STRIP = NO;
				DEBUG_INFORMATION_FORMAT = dwarf;
				ENABLE_STRICT_OBJC_MSGSEND = YES;
				ENABLE_TESTABILITY = YES;
				GCC_C_LANGUAGE_STANDARD = gnu11;
				GCC_DYNAMIC_NO_PIC = NO;
				GCC_NO_COMMON_BLOCKS = YES;
				GCC_OPTIMIZATION_LEVEL = 0;
				GCC_PREPROCESSOR_DEFINITIONS = (
					"DEBUG=1",
					"$(inherited)",
				);
				GCC_WARN_64_TO_32_BIT_CONVERSION = YES;
				GCC_WARN_ABOUT_RETURN_TYPE = YES_ERROR;
				GCC_WARN_UNDECLARED_SELECTOR = YES;
				GCC_WARN_UNINITIALIZED_AUTOS = YES_AGGRESSIVE;
				GCC_WARN_UNUSED_FUNCTION = YES;
				GCC_WARN_UNUSED_VARIABLE = YES;
				IPHONEOS_DEPLOYMENT_TARGET = 16.2;
				MTL_ENABLE_DEBUG_INFO = INCLUDE_SOURCE;
				MTL_FAST_MATH = YES;
				ONLY_ACTIVE_ARCH = YES;
				SDKROOT = iphoneos;
				SWIFT_ACTIVE_COMPILATION_CONDITIONS = DEBUG;
				SWIFT_OPTIMIZATION_LEVEL = "-Onone";
			};
			name = Debug;
		};
		F139706029B4C31B00F677DE /* Release */ = {
			isa = XCBuildConfiguration;
			buildSettings = {
				ALWAYS_SEARCH_USER_PATHS = NO;
				CLANG_ANALYZER_NONNULL = YES;
				CLANG_ANALYZER_NUMBER_OBJECT_CONVERSION = YES_AGGRESSIVE;
				CLANG_CXX_LANGUAGE_STANDARD = "gnu++20";
				CLANG_ENABLE_MODULES = YES;
				CLANG_ENABLE_OBJC_ARC = YES;
				CLANG_ENABLE_OBJC_WEAK = YES;
				CLANG_WARN_BLOCK_CAPTURE_AUTORELEASING = YES;
				CLANG_WARN_BOOL_CONVERSION = YES;
				CLANG_WARN_COMMA = YES;
				CLANG_WARN_CONSTANT_CONVERSION = YES;
				CLANG_WARN_DEPRECATED_OBJC_IMPLEMENTATIONS = YES;
				CLANG_WARN_DIRECT_OBJC_ISA_USAGE = YES_ERROR;
				CLANG_WARN_DOCUMENTATION_COMMENTS = YES;
				CLANG_WARN_EMPTY_BODY = YES;
				CLANG_WARN_ENUM_CONVERSION = YES;
				CLANG_WARN_INFINITE_RECURSION = YES;
				CLANG_WARN_INT_CONVERSION = YES;
				CLANG_WARN_NON_LITERAL_NULL_CONVERSION = YES;
				CLANG_WARN_OBJC_IMPLICIT_RETAIN_SELF = YES;
				CLANG_WARN_OBJC_LITERAL_CONVERSION = YES;
				CLANG_WARN_OBJC_ROOT_CLASS = YES_ERROR;
				CLANG_WARN_QUOTED_INCLUDE_IN_FRAMEWORK_HEADER = YES;
				CLANG_WARN_RANGE_LOOP_ANALYSIS = YES;
				CLANG_WARN_STRICT_PROTOTYPES = YES;
				CLANG_WARN_SUSPICIOUS_MOVE = YES;
				CLANG_WARN_UNGUARDED_AVAILABILITY = YES_AGGRESSIVE;
				CLANG_WARN_UNREACHABLE_CODE = YES;
				CLANG_WARN__DUPLICATE_METHOD_MATCH = YES;
				COPY_PHASE_STRIP = NO;
				DEBUG_INFORMATION_FORMAT = "dwarf-with-dsym";
				ENABLE_NS_ASSERTIONS = NO;
				ENABLE_STRICT_OBJC_MSGSEND = YES;
				GCC_C_LANGUAGE_STANDARD = gnu11;
				GCC_NO_COMMON_BLOCKS = YES;
				GCC_WARN_64_TO_32_BIT_CONVERSION = YES;
				GCC_WARN_ABOUT_RETURN_TYPE = YES_ERROR;
				GCC_WARN_UNDECLARED_SELECTOR = YES;
				GCC_WARN_UNINITIALIZED_AUTOS = YES_AGGRESSIVE;
				GCC_WARN_UNUSED_FUNCTION = YES;
				GCC_WARN_UNUSED_VARIABLE = YES;
				IPHONEOS_DEPLOYMENT_TARGET = 16.2;
				MTL_ENABLE_DEBUG_INFO = NO;
				MTL_FAST_MATH = YES;
				SDKROOT = iphoneos;
				SWIFT_COMPILATION_MODE = wholemodule;
				SWIFT_OPTIMIZATION_LEVEL = "-O";
				VALIDATE_PRODUCT = YES;
			};
			name = Release;
		};
		F139706229B4C31B00F677DE /* Debug */ = {
			isa = XCBuildConfiguration;
			buildSettings = {
				ASSETCATALOG_COMPILER_APPICON_NAME = AppIcon;
				ASSETCATALOG_COMPILER_GLOBAL_ACCENT_COLOR_NAME = AccentColor;
				CODE_SIGN_STYLE = Automatic;
				CURRENT_PROJECT_VERSION = 1;
				DEVELOPMENT_TEAM = 5RP4RS5KAM;
				GENERATE_INFOPLIST_FILE = YES;
				INFOPLIST_FILE = UnitTestingApp/Info.plist;
				INFOPLIST_KEY_UIApplicationSupportsIndirectInputEvents = YES;
				INFOPLIST_KEY_UILaunchStoryboardName = LaunchScreen;
				INFOPLIST_KEY_UIMainStoryboardFile = Main;
				INFOPLIST_KEY_UISupportedInterfaceOrientations_iPad = "UIInterfaceOrientationPortrait UIInterfaceOrientationPortraitUpsideDown UIInterfaceOrientationLandscapeLeft UIInterfaceOrientationLandscapeRight";
				INFOPLIST_KEY_UISupportedInterfaceOrientations_iPhone = "UIInterfaceOrientationPortrait UIInterfaceOrientationLandscapeLeft UIInterfaceOrientationLandscapeRight";
				LD_RUNPATH_SEARCH_PATHS = (
					"$(inherited)",
					"@executable_path/Frameworks",
				);
				MARKETING_VERSION = 1.0;
				PRODUCT_BUNDLE_IDENTIFIER = cpp.UnitTestingApp;
				PRODUCT_NAME = "$(TARGET_NAME)";
				SWIFT_EMIT_LOC_STRINGS = YES;
				SWIFT_VERSION = 5.0;
				TARGETED_DEVICE_FAMILY = "1,2";
			};
			name = Debug;
		};
		F139706329B4C31B00F677DE /* Release */ = {
			isa = XCBuildConfiguration;
			buildSettings = {
				ASSETCATALOG_COMPILER_APPICON_NAME = AppIcon;
				ASSETCATALOG_COMPILER_GLOBAL_ACCENT_COLOR_NAME = AccentColor;
				CODE_SIGN_STYLE = Automatic;
				CURRENT_PROJECT_VERSION = 1;
				DEVELOPMENT_TEAM = 5RP4RS5KAM;
				GENERATE_INFOPLIST_FILE = YES;
				INFOPLIST_FILE = UnitTestingApp/Info.plist;
				INFOPLIST_KEY_UIApplicationSupportsIndirectInputEvents = YES;
				INFOPLIST_KEY_UILaunchStoryboardName = LaunchScreen;
				INFOPLIST_KEY_UIMainStoryboardFile = Main;
				INFOPLIST_KEY_UISupportedInterfaceOrientations_iPad = "UIInterfaceOrientationPortrait UIInterfaceOrientationPortraitUpsideDown UIInterfaceOrientationLandscapeLeft UIInterfaceOrientationLandscapeRight";
				INFOPLIST_KEY_UISupportedInterfaceOrientations_iPhone = "UIInterfaceOrientationPortrait UIInterfaceOrientationLandscapeLeft UIInterfaceOrientationLandscapeRight";
				LD_RUNPATH_SEARCH_PATHS = (
					"$(inherited)",
					"@executable_path/Frameworks",
				);
				MARKETING_VERSION = 1.0;
				PRODUCT_BUNDLE_IDENTIFIER = cpp.UnitTestingApp;
				PRODUCT_NAME = "$(TARGET_NAME)";
				SWIFT_EMIT_LOC_STRINGS = YES;
				SWIFT_VERSION = 5.0;
				TARGETED_DEVICE_FAMILY = "1,2";
			};
			name = Release;
		};
		F139706529B4C31B00F677DE /* Debug */ = {
			isa = XCBuildConfiguration;
			buildSettings = {
				ALWAYS_EMBED_SWIFT_STANDARD_LIBRARIES = YES;
				BUNDLE_LOADER = "$(TEST_HOST)";
				CODE_SIGN_STYLE = Automatic;
				CURRENT_PROJECT_VERSION = 1;
				DEVELOPMENT_TEAM = 5RP4RS5KAM;
				GENERATE_INFOPLIST_FILE = YES;
				IPHONEOS_DEPLOYMENT_TARGET = 16.2;
				MARKETING_VERSION = 1.0;
				PRODUCT_BUNDLE_IDENTIFIER = cpp.UnitTestingAppTests;
				PRODUCT_NAME = "$(TARGET_NAME)";
				SWIFT_EMIT_LOC_STRINGS = NO;
				SWIFT_VERSION = 5.0;
				TARGETED_DEVICE_FAMILY = "1,2";
				TEST_HOST = "$(BUILT_PRODUCTS_DIR)/UnitTestingApp.app/$(BUNDLE_EXECUTABLE_FOLDER_PATH)/UnitTestingApp";
			};
			name = Debug;
		};
		F139706629B4C31B00F677DE /* Release */ = {
			isa = XCBuildConfiguration;
			buildSettings = {
				ALWAYS_EMBED_SWIFT_STANDARD_LIBRARIES = YES;
				BUNDLE_LOADER = "$(TEST_HOST)";
				CODE_SIGN_STYLE = Automatic;
				CURRENT_PROJECT_VERSION = 1;
				DEVELOPMENT_TEAM = 5RP4RS5KAM;
				GENERATE_INFOPLIST_FILE = YES;
				IPHONEOS_DEPLOYMENT_TARGET = 16.2;
				MARKETING_VERSION = 1.0;
				PRODUCT_BUNDLE_IDENTIFIER = cpp.UnitTestingAppTests;
				PRODUCT_NAME = "$(TARGET_NAME)";
				SWIFT_EMIT_LOC_STRINGS = NO;
				SWIFT_VERSION = 5.0;
				TARGETED_DEVICE_FAMILY = "1,2";
				TEST_HOST = "$(BUILT_PRODUCTS_DIR)/UnitTestingApp.app/$(BUNDLE_EXECUTABLE_FOLDER_PATH)/UnitTestingApp";
			};
			name = Release;
		};
		F139706829B4C31B00F677DE /* Debug */ = {
			isa = XCBuildConfiguration;
			buildSettings = {
				ALWAYS_EMBED_SWIFT_STANDARD_LIBRARIES = YES;
				CODE_SIGN_STYLE = Automatic;
				CURRENT_PROJECT_VERSION = 1;
				DEVELOPMENT_TEAM = 5RP4RS5KAM;
				GENERATE_INFOPLIST_FILE = YES;
				MARKETING_VERSION = 1.0;
				PRODUCT_BUNDLE_IDENTIFIER = cpp.UnitTestingAppUITests;
				PRODUCT_NAME = "$(TARGET_NAME)";
				SWIFT_EMIT_LOC_STRINGS = NO;
				SWIFT_VERSION = 5.0;
				TARGETED_DEVICE_FAMILY = "1,2";
				TEST_TARGET_NAME = UnitTestingApp;
			};
			name = Debug;
		};
		F139706929B4C31B00F677DE /* Release */ = {
			isa = XCBuildConfiguration;
			buildSettings = {
				ALWAYS_EMBED_SWIFT_STANDARD_LIBRARIES = YES;
				CODE_SIGN_STYLE = Automatic;
				CURRENT_PROJECT_VERSION = 1;
				DEVELOPMENT_TEAM = 5RP4RS5KAM;
				GENERATE_INFOPLIST_FILE = YES;
				MARKETING_VERSION = 1.0;
				PRODUCT_BUNDLE_IDENTIFIER = cpp.UnitTestingAppUITests;
				PRODUCT_NAME = "$(TARGET_NAME)";
				SWIFT_EMIT_LOC_STRINGS = NO;
				SWIFT_VERSION = 5.0;
				TARGETED_DEVICE_FAMILY = "1,2";
				TEST_TARGET_NAME = UnitTestingApp;
			};
			name = Release;
		};
/* End XCBuildConfiguration section */

/* Begin XCConfigurationList section */
		F139703229B4C31700F677DE /* Build configuration list for PBXProject "UnitTestingApp" */ = {
			isa = XCConfigurationList;
			buildConfigurations = (
				F139705F29B4C31B00F677DE /* Debug */,
				F139706029B4C31B00F677DE /* Release */,
			);
			defaultConfigurationIsVisible = 0;
			defaultConfigurationName = Release;
		};
		F139706129B4C31B00F677DE /* Build configuration list for PBXNativeTarget "UnitTestingApp" */ = {
			isa = XCConfigurationList;
			buildConfigurations = (
				F139706229B4C31B00F677DE /* Debug */,
				F139706329B4C31B00F677DE /* Release */,
			);
			defaultConfigurationIsVisible = 0;
			defaultConfigurationName = Release;
		};
		F139706429B4C31B00F677DE /* Build configuration list for PBXNativeTarget "UnitTestingAppTests" */ = {
			isa = XCConfigurationList;
			buildConfigurations = (
				F139706529B4C31B00F677DE /* Debug */,
				F139706629B4C31B00F677DE /* Release */,
			);
			defaultConfigurationIsVisible = 0;
			defaultConfigurationName = Release;
		};
		F139706729B4C31B00F677DE /* Build configuration list for PBXNativeTarget "UnitTestingAppUITests" */ = {
			isa = XCConfigurationList;
			buildConfigurations = (
				F139706829B4C31B00F677DE /* Debug */,
				F139706929B4C31B00F677DE /* Release */,
			);
			defaultConfigurationIsVisible = 0;
			defaultConfigurationName = Release;
		};
/* End XCConfigurationList section */
	};
	rootObject = F139702F29B4C31700F677DE /* Project object */;
}
